
Microsoft Visual Studio Solution File, Format Version 12.00
# Visual Studio Version 17
VisualStudioVersion = 17.1.32421.90
MinimumVisualStudioVersion = 10.0.40219.1
Project("{FAE04EC0-301F-11D3-BF4B-00C04F79EFBC}") = "Serial Port Communication", "Serial Port Communication\Serial Port Communication.csproj", "{13629E64-1EC2-415B-8DC0-797287F28A41}"
EndProject
Global
	GlobalSection(SolutionConfigurationPlatforms) = preSolution
		Debug|Any CPU = Debug|Any CPU
		Release|Any CPU = Release|Any CPU
	EndGlobalSection
	GlobalSection(ProjectConfigurationPlatforms) = postSolution
		{13629E64-1EC2-415B-8DC0-797287F28A41}.Debug|Any CPU.ActiveCfg = Debug|Any CPU
		{13629E64-1EC2-415B-8DC0-797287F28A41}.Debug|Any CPU.Build.0 = Debug|Any CPU
		{13629E64-1EC2-415B-8DC0-797287F28A41}.Release|Any CPU.ActiveCfg = Release|Any CPU
		{13629E64-1EC2-415B-8DC0-797287F28A41}.Release|Any CPU.Build.0 = Release|Any CPU
	EndGlobalSection
	GlobalSection(SolutionProperties) = preSolution
		HideSolutionNode = FALSE
	EndGlobalSection
	GlobalSection(ExtensibilityGlobals) = postSolution
		SolutionGuid = {AFF10001-B582-41B5-9A4F-3CE5651A2FE2}
	EndGlobalSection
EndGlobal
